
Microsoft Visual Studio Solution File, Format Version 12.00
# Visual Studio Version 16
VisualStudioVersion = 16.0.31105.61
MinimumVisualStudioVersion = 10.0.40219.1
Project("{FAE04EC0-301F-11D3-BF4B-00C04F79EFBC}") = "SampleApi", "SampleApi\SampleApi.csproj", "{0A585371-4527-4856-8D38-357AB62CDEB5}"
EndProject
Global
	GlobalSection(SolutionConfigurationPlatforms) = preSolution
		Debug|Any CPU = Debug|Any CPU
		Release|Any CPU = Release|Any CPU
	EndGlobalSection
	GlobalSection(ProjectConfigurationPlatforms) = postSolution
		{0A585371-4527-4856-8D38-357AB62CDEB5}.Debug|Any CPU.ActiveCfg = Debug|Any CPU
		{0A585371-4527-4856-8D38-357AB62CDEB5}.Debug|Any CPU.Build.0 = Debug|Any CPU
		{0A585371-4527-4856-8D38-357AB62CDEB5}.Release|Any CPU.ActiveCfg = Release|Any CPU
		{0A585371-4527-4856-8D38-357AB62CDEB5}.Release|Any CPU.Build.0 = Release|Any CPU
	EndGlobalSection
	GlobalSection(SolutionProperties) = preSolution
		HideSolutionNode = FALSE
	EndGlobalSection
	GlobalSection(ExtensibilityGlobals) = postSolution
		SolutionGuid = {15BC398A-A3C7-48E3-A638-CADB6FD13E53}
	EndGlobalSection
EndGlobal
